dependencies:
- name: external-dns
  repository: https://kubernetes-sigs.github.io/external-dns/
  version: 1.14.5
- name: sulfoxide-bromine
  repository: oci://ghcr.io/atomicloud/sulfoxide.bromine
  version: 1.8.0
digest: sha256:3d92067c3a52d1a84956e2a740d2d50a42004524eebdba13a696b8c816ed2873
generated: "2025-08-02T14:16:29.606059+08:00"
